// !$*UTF8*$!
{
	archiveVersion = 1;
	classes = {
	};
	objectVersion = 56;
	objects = {

/* Begin PBXBuildFile section */
		0079EFD229ABD82A00540BEA /* AppDelegate.swift in Sources */ = {isa = PBXBuildFile; fileRef = 0079EFD129ABD82A00540BEA /* AppDelegate.swift */; };
		0079EFD429ABD82A00540BEA /* SceneDelegate.swift in Sources */ = {isa = PBXBuildFile; fileRef = 0079EFD329ABD82A00540BEA /* SceneDelegate.swift */; };
		0079EFD629ABD82A00540BEA /* MainTabBarViewController.swift in Sources */ = {isa = PBXBuildFile; fileRef = 0079EFD529ABD82A00540BEA /* MainTabBarViewController.swift */; };
		0079EFDE29ABD82D00540BEA /* LaunchScreen.storyboard in Resources */ = {isa = PBXBuildFile; fileRef = 0079EFDC29ABD82D00540BEA /* LaunchScreen.storyboard */; };
		0079EFE929ABD82E00540BEA /* Netflix_CloneTests.swift in Sources */ = {isa = PBXBuildFile; fileRef = 0079EFE829ABD82E00540BEA /* Netflix_CloneTests.swift */; };
		0079EFF329ABD82E00540BEA /* Netflix_CloneUITests.swift in Sources */ = {isa = PBXBuildFile; fileRef = 0079EFF229ABD82E00540BEA /* Netflix_CloneUITests.swift */; };
		0079EFF529ABD82E00540BEA /* Netflix_CloneUITestsLaunchTests.swift in Sources */ = {isa = PBXBuildFile; fileRef = 0079EFF429ABD82E00540BEA /* Netflix_CloneUITestsLaunchTests.swift */; };
		009834B229B296DB00AC6654 /* Assets.xcassets in Resources */ = {isa = PBXBuildFile; fileRef = 009834B129B296DA00AC6654 /* Assets.xcassets */; };
		00A784E129B38F48007EEA30 /* Extensions.swift in Sources */ = {isa = PBXBuildFile; fileRef = 00A784E029B38F48007EEA30 /* Extensions.swift */; };
		00A784E529B3AE27007EEA30 /* TitleCollectionViewCell.swift in Sources */ = {isa = PBXBuildFile; fileRef = 00A784E429B3AE27007EEA30 /* TitleCollectionViewCell.swift */; };
		00A784E829B3B3A4007EEA30 /* SDWebImage in Frameworks */ = {isa = PBXBuildFile; productRef = 00A784E729B3B3A4007EEA30 /* SDWebImage */; };
		00A784EA29B3B3A4007EEA30 /* SDWebImageMapKit in Frameworks */ = {isa = PBXBuildFile; productRef = 00A784E929B3B3A4007EEA30 /* SDWebImageMapKit */; };
		00A9FC1929AD12B60089CD2F /* HomeViewController.swift in Sources */ = {isa = PBXBuildFile; fileRef = 00A9FC1829AD12B60089CD2F /* HomeViewController.swift */; };
		00A9FC1B29AD12FE0089CD2F /* UpCommingViewController.swift in Sources */ = {isa = PBXBuildFile; fileRef = 00A9FC1A29AD12FE0089CD2F /* UpCommingViewController.swift */; };
		00A9FC1D29AD13560089CD2F /* SearchViewController.swift in Sources */ = {isa = PBXBuildFile; fileRef = 00A9FC1C29AD13560089CD2F /* SearchViewController.swift */; };
		00A9FC1F29AD138D0089CD2F /* DownloadsViewController.swift in Sources */ = {isa = PBXBuildFile; fileRef = 00A9FC1E29AD138D0089CD2F /* DownloadsViewController.swift */; };
		00A9FC2629AD3E950089CD2F /* CollectionViewTableViewCell.swift in Sources */ = {isa = PBXBuildFile; fileRef = 00A9FC2529AD3E950089CD2F /* CollectionViewTableViewCell.swift */; };
		00DBC65929B2811D00280E14 /* HeroHeaderUIView.swift in Sources */ = {isa = PBXBuildFile; fileRef = 00DBC65829B2811D00280E14 /* HeroHeaderUIView.swift */; };
		00ED4EB829B32D5300761657 /* APICaller.swift in Sources */ = {isa = PBXBuildFile; fileRef = 00ED4EB729B32D5300761657 /* APICaller.swift */; };
		00ED4EBA29B33E4500761657 /* Title.swift in Sources */ = {isa = PBXBuildFile; fileRef = 00ED4EB929B33E4500761657 /* Title.swift */; };
/* End PBXBuildFile section */

/* Begin PBXContainerItemProxy section */
		0079EFE529ABD82E00540BEA /* PBXContainerItemProxy */ = {
			isa = PBXContainerItemProxy;
			containerPortal = 0079EFC629ABD82A00540BEA /* Project object */;
			proxyType = 1;
			remoteGlobalIDString = 0079EFCD29ABD82A00540BEA;
			remoteInfo = "Netflix Clone";
		};
		0079EFEF29ABD82E00540BEA /* PBXContainerItemProxy */ = {
			isa = PBXContainerItemProxy;
			containerPortal = 0079EFC629ABD82A00540BEA /* Project object */;
			proxyType = 1;
			remoteGlobalIDString = 0079EFCD29ABD82A00540BEA;
			remoteInfo = "Netflix Clone";
		};
/* End PBXContainerItemProxy section */

/* Begin PBXFileReference section */
		0079EFCE29ABD82A00540BEA /* Netflix Clone.app */ = {isa = PBXFileReference; explicitFileType = wrapper.application; includeInIndex = 0; path = "Netflix Clone.app"; sourceTree = BUILT_PRODUCTS_DIR; };
		0079EFD129ABD82A00540BEA /* AppDelegate.swift */ = {isa = PBXFileReference; lastKnownFileType = sourcecode.swift; path = AppDelegate.swift; sourceTree = "<group>"; };
		0079EFD329ABD82A00540BEA /* SceneDelegate.swift */ = {isa = PBXFileReference; lastKnownFileType = sourcecode.swift; path = SceneDelegate.swift; sourceTree = "<group>"; };
		0079EFD529ABD82A00540BEA /* MainTabBarViewController.swift */ = {isa = PBXFileReference; lastKnownFileType = sourcecode.swift; path = MainTabBarViewController.swift; sourceTree = "<group>"; };
		0079EFDD29ABD82D00540BEA /* Base */ = {isa = PBXFileReference; lastKnownFileType = file.storyboard; name = Base; path = Base.lproj/LaunchScreen.storyboard; sourceTree = "<group>"; };
		0079EFDF29ABD82D00540BEA /* Info.plist */ = {isa = PBXFileReference; lastKnownFileType = text.plist.xml; path = Info.plist; sourceTree = "<group>"; };
		0079EFE429ABD82E00540BEA /* Netflix CloneTests.xctest */ = {isa = PBXFileReference; explicitFileType = wrapper.cfbundle; includeInIndex = 0; path = "Netflix CloneTests.xctest"; sourceTree = BUILT_PRODUCTS_DIR; };
		0079EFE829ABD82E00540BEA /* Netflix_CloneTests.swift */ = {isa = PBXFileReference; lastKnownFileType = sourcecode.swift; path = Netflix_CloneTests.swift; sourceTree = "<group>"; };
		0079EFEE29ABD82E00540BEA /* Netflix CloneUITests.xctest */ = {isa = PBXFileReference; explicitFileType = wrapper.cfbundle; includeInIndex = 0; path = "Netflix CloneUITests.xctest"; sourceTree = BUILT_PRODUCTS_DIR; };
		0079EFF229ABD82E00540BEA /* Netflix_CloneUITests.swift */ = {isa = PBXFileReference; lastKnownFileType = sourcecode.swift; path = Netflix_CloneUITests.swift; sourceTree = "<group>"; };
		0079EFF429ABD82E00540BEA /* Netflix_CloneUITestsLaunchTests.swift */ = {isa = PBXFileReference; lastKnownFileType = sourcecode.swift; path = Netflix_CloneUITestsLaunchTests.swift; sourceTree = "<group>"; };
		009834B129B296DA00AC6654 /* Assets.xcassets */ = {isa = PBXFileReference; lastKnownFileType = folder.assetcatalog; path = Assets.xcassets; sourceTree = "<group>"; };
		00A784E029B38F48007EEA30 /* Extensions.swift */ = {isa = PBXFileReference; lastKnownFileType = sourcecode.swift; path = Extensions.swift; sourceTree = "<group>"; };
		00A784E429B3AE27007EEA30 /* TitleCollectionViewCell.swift */ = {isa = PBXFileReference; lastKnownFileType = sourcecode.swift; path = TitleCollectionViewCell.swift; sourceTree = "<group>"; };
		00A9FC1829AD12B60089CD2F /* HomeViewController.swift */ = {isa = PBXFileReference; lastKnownFileType = sourcecode.swift; path = HomeViewController.swift; sourceTree = "<group>"; };
		00A9FC1A29AD12FE0089CD2F /* UpCommingViewController.swift */ = {isa = PBXFileReference; lastKnownFileType = sourcecode.swift; path = UpCommingViewController.swift; sourceTree = "<group>"; };
		00A9FC1C29AD13560089CD2F /* SearchViewController.swift */ = {isa = PBXFileReference; lastKnownFileType = sourcecode.swift; path = SearchViewController.swift; sourceTree = "<group>"; };
		00A9FC1E29AD138D0089CD2F /* DownloadsViewController.swift */ = {isa = PBXFileReference; lastKnownFileType = sourcecode.swift; path = DownloadsViewController.swift; sourceTree = "<group>"; };
		00A9FC2529AD3E950089CD2F /* CollectionViewTableViewCell.swift */ = {isa = PBXFileReference; lastKnownFileType = sourcecode.swift; path = CollectionViewTableViewCell.swift; sourceTree = "<group>"; };
		00DBC65829B2811D00280E14 /* HeroHeaderUIView.swift */ = {isa = PBXFileReference; lastKnownFileType = sourcecode.swift; path = HeroHeaderUIView.swift; sourceTree = "<group>"; };
		00ED4EB729B32D5300761657 /* APICaller.swift */ = {isa = PBXFileReference; lastKnownFileType = sourcecode.swift; path = APICaller.swift; sourceTree = "<group>"; };
		00ED4EB929B33E4500761657 /* Title.swift */ = {isa = PBXFileReference; lastKnownFileType = sourcecode.swift; path = Title.swift; sourceTree = "<group>"; };
/* End PBXFileReference section */

/* Begin PBXFrameworksBuildPhase section */
		0079EFCB29ABD82A00540BEA /* Frameworks */ = {
			isa = PBXFrameworksBuildPhase;
			buildActionMask = 2147483647;
			files = (
				00A784EA29B3B3A4007EEA30 /* SDWebImageMapKit in Frameworks */,
				00A784E829B3B3A4007EEA30 /* SDWebImage in Frameworks */,
			);
			runOnlyForDeploymentPostprocessing = 0;
		};
		0079EFE129ABD82E00540BEA /* Frameworks */ = {
			isa = PBXFrameworksBuildPhase;
			buildActionMask = 2147483647;
			files = (
			);
			runOnlyForDeploymentPostprocessing = 0;
		};
		0079EFEB29ABD82E00540BEA /* Frameworks */ = {
			isa = PBXFrameworksBuildPhase;
			buildActionMask = 2147483647;
			files = (
			);
			runOnlyForDeploymentPostprocessing = 0;
		};
/* End PBXFrameworksBuildPhase section */

/* Begin PBXGroup section */
		0079EFC529ABD82A00540BEA = {
			isa = PBXGroup;
			children = (
				0079EFD029ABD82A00540BEA /* Netflix Clone */,
				0079EFE729ABD82E00540BEA /* Netflix CloneTests */,
				0079EFF129ABD82E00540BEA /* Netflix CloneUITests */,
				0079EFCF29ABD82A00540BEA /* Products */,
			);
			sourceTree = "<group>";
		};
		0079EFCF29ABD82A00540BEA /* Products */ = {
			isa = PBXGroup;
			children = (
				0079EFCE29ABD82A00540BEA /* Netflix Clone.app */,
				0079EFE429ABD82E00540BEA /* Netflix CloneTests.xctest */,
				0079EFEE29ABD82E00540BEA /* Netflix CloneUITests.xctest */,
			);
			name = Products;
			sourceTree = "<group>";
		};
		0079EFD029ABD82A00540BEA /* Netflix Clone */ = {
			isa = PBXGroup;
			children = (
				00A9FC2429AD3E1F0089CD2F /* Managers */,
				00A9FC2329AD3E080089CD2F /* Resources */,
				00A9FC2229AD3DD60089CD2F /* ViewModels */,
				00A9FC2129AD3DC90089CD2F /* Views */,
				00A9FC2029AD3DB40089CD2F /* Models */,
				00A9FC1729AD126E0089CD2F /* Controllers */,
				0079EFD129ABD82A00540BEA /* AppDelegate.swift */,
				0079EFD329ABD82A00540BEA /* SceneDelegate.swift */,
				0079EFD529ABD82A00540BEA /* MainTabBarViewController.swift */,
				0079EFDC29ABD82D00540BEA /* LaunchScreen.storyboard */,
				0079EFDF29ABD82D00540BEA /* Info.plist */,
				009834B129B296DA00AC6654 /* Assets.xcassets */,
			);
			path = "Netflix Clone";
			sourceTree = "<group>";
		};
		0079EFE729ABD82E00540BEA /* Netflix CloneTests */ = {
			isa = PBXGroup;
			children = (
				0079EFE829ABD82E00540BEA /* Netflix_CloneTests.swift */,
			);
			path = "Netflix CloneTests";
			sourceTree = "<group>";
		};
		0079EFF129ABD82E00540BEA /* Netflix CloneUITests */ = {
			isa = PBXGroup;
			children = (
				0079EFF229ABD82E00540BEA /* Netflix_CloneUITests.swift */,
				0079EFF429ABD82E00540BEA /* Netflix_CloneUITestsLaunchTests.swift */,
			);
			path = "Netflix CloneUITests";
			sourceTree = "<group>";
		};
		00A9FC1729AD126E0089CD2F /* Controllers */ = {
			isa = PBXGroup;
			children = (
				00A9FC1829AD12B60089CD2F /* HomeViewController.swift */,
				00A9FC1A29AD12FE0089CD2F /* UpCommingViewController.swift */,
				00A9FC1C29AD13560089CD2F /* SearchViewController.swift */,
				00A9FC1E29AD138D0089CD2F /* DownloadsViewController.swift */,
			);
			path = Controllers;
			sourceTree = "<group>";
		};
		00A9FC2029AD3DB40089CD2F /* Models */ = {
			isa = PBXGroup;
			children = (
				00ED4EB929B33E4500761657 /* Title.swift */,
			);
			path = Models;
			sourceTree = "<group>";
		};
		00A9FC2129AD3DC90089CD2F /* Views */ = {
			isa = PBXGroup;
			children = (
				00A9FC2529AD3E950089CD2F /* CollectionViewTableViewCell.swift */,
				00DBC65829B2811D00280E14 /* HeroHeaderUIView.swift */,
				00A784E429B3AE27007EEA30 /* TitleCollectionViewCell.swift */,
			);
			path = Views;
			sourceTree = "<group>";
		};
		00A9FC2229AD3DD60089CD2F /* ViewModels */ = {
			isa = PBXGroup;
			children = (
			);
			path = ViewModels;
			sourceTree = "<group>";
		};
		00A9FC2329AD3E080089CD2F /* Resources */ = {
			isa = PBXGroup;
			children = (
				00A784E029B38F48007EEA30 /* Extensions.swift */,
			);
			path = Resources;
			sourceTree = "<group>";
		};
		00A9FC2429AD3E1F0089CD2F /* Managers */ = {
			isa = PBXGroup;
			children = (
				00ED4EB729B32D5300761657 /* APICaller.swift */,
			);
			path = Managers;
			sourceTree = "<group>";
		};
/* End PBXGroup section */

/* Begin PBXNativeTarget section */
		0079EFCD29ABD82A00540BEA /* Netflix Clone */ = {
			isa = PBXNativeTarget;
			buildConfigurationList = 0079EFF829ABD82E00540BEA /* Build configuration list for PBXNativeTarget "Netflix Clone" */;
			buildPhases = (
				0079EFCA29ABD82A00540BEA /* Sources */,
				0079EFCB29ABD82A00540BEA /* Frameworks */,
				0079EFCC29ABD82A00540BEA /* Resources */,
			);
			buildRules = (
			);
			dependencies = (
			);
			name = "Netflix Clone";
			packageProductDependencies = (
				00A784E729B3B3A4007EEA30 /* SDWebImage */,
				00A784E929B3B3A4007EEA30 /* SDWebImageMapKit */,
			);
			productName = "Netflix Clone";
			productReference = 0079EFCE29ABD82A00540BEA /* Netflix Clone.app */;
			productType = "com.apple.product-type.application";
		};
		0079EFE329ABD82E00540BEA /* Netflix CloneTests */ = {
			isa = PBXNativeTarget;
			buildConfigurationList = 0079EFFB29ABD82E00540BEA /* Build configuration list for PBXNativeTarget "Netflix CloneTests" */;
			buildPhases = (
				0079EFE029ABD82E00540BEA /* Sources */,
				0079EFE129ABD82E00540BEA /* Frameworks */,
				0079EFE229ABD82E00540BEA /* Resources */,
			);
			buildRules = (
			);
			dependencies = (
				0079EFE629ABD82E00540BEA /* PBXTargetDependency */,
			);
			name = "Netflix CloneTests";
			productName = "Netflix CloneTests";
			productReference = 0079EFE429ABD82E00540BEA /* Netflix CloneTests.xctest */;
			productType = "com.apple.product-type.bundle.unit-test";
		};
		0079EFED29ABD82E00540BEA /* Netflix CloneUITests */ = {
			isa = PBXNativeTarget;
			buildConfigurationList = 0079EFFE29ABD82E00540BEA /* Build configuration list for PBXNativeTarget "Netflix CloneUITests" */;
			buildPhases = (
				0079EFEA29ABD82E00540BEA /* Sources */,
				0079EFEB29ABD82E00540BEA /* Frameworks */,
				0079EFEC29ABD82E00540BEA /* Resources */,
			);
			buildRules = (
			);
			dependencies = (
				0079EFF029ABD82E00540BEA /* PBXTargetDependency */,
			);
			name = "Netflix CloneUITests";
			productName = "Netflix CloneUITests";
			productReference = 0079EFEE29ABD82E00540BEA /* Netflix CloneUITests.xctest */;
			productType = "com.apple.product-type.bundle.ui-testing";
		};
/* End PBXNativeTarget section */

/* Begin PBXProject section */
		0079EFC629ABD82A00540BEA /* Project object */ = {
			isa = PBXProject;
			attributes = {
				BuildIndependentTargetsInParallel = 1;
				LastSwiftUpdateCheck = 1410;
				LastUpgradeCheck = 1410;
				TargetAttributes = {
					0079EFCD29ABD82A00540BEA = {
						CreatedOnToolsVersion = 14.1;
					};
					0079EFE329ABD82E00540BEA = {
						CreatedOnToolsVersion = 14.1;
						TestTargetID = 0079EFCD29ABD82A00540BEA;
					};
					0079EFED29ABD82E00540BEA = {
						CreatedOnToolsVersion = 14.1;
						TestTargetID = 0079EFCD29ABD82A00540BEA;
					};
				};
			};
			buildConfigurationList = 0079EFC929ABD82A00540BEA /* Build configuration list for PBXProject "Netflix Clone" */;
			compatibilityVersion = "Xcode 14.0";
			developmentRegion = en;
			hasScannedForEncodings = 0;
			knownRegions = (
				en,
				Base,
			);
			mainGroup = 0079EFC529ABD82A00540BEA;
			packageReferences = (
				00A784E629B3B3A4007EEA30 /* XCRemoteSwiftPackageReference "SDWebImage" */,
			);
			productRefGroup = 0079EFCF29ABD82A00540BEA /* Products */;
			projectDirPath = "";
			projectRoot = "";
			targets = (
				0079EFCD29ABD82A00540BEA /* Netflix Clone */,
				0079EFE329ABD82E00540BEA /* Netflix CloneTests */,
				0079EFED29ABD82E00540BEA /* Netflix CloneUITests */,
			);
		};
/* End PBXProject section */

/* Begin PBXResourcesBuildPhase section */
		0079EFCC29ABD82A00540BEA /* Resources */ = {
			isa = PBXResourcesBuildPhase;
			buildActionMask = 2147483647;
			files = (
				009834B229B296DB00AC6654 /* Assets.xcassets in Resources */,
				0079EFDE29ABD82D00540BEA /* LaunchScreen.storyboard in Resources */,
			);
			runOnlyForDeploymentPostprocessing = 0;
		};
		0079EFE229ABD82E00540BEA /* Resources */ = {
			isa = PBXResourcesBuildPhase;
			buildActionMask = 2147483647;
			files = (
			);
			runOnlyForDeploymentPostprocessing = 0;
		};
		0079EFEC29ABD82E00540BEA /* Resources */ = {
			isa = PBXResourcesBuildPhase;
			buildActionMask = 2147483647;
			files = (
			);
			runOnlyForDeploymentPostprocessing = 0;
		};
/* End PBXResourcesBuildPhase section */

/* Begin PBXSourcesBuildPhase section */
		0079EFCA29ABD82A00540BEA /* Sources */ = {
			isa = PBXSourcesBuildPhase;
			buildActionMask = 2147483647;
			files = (
				00A9FC1D29AD13560089CD2F /* SearchViewController.swift in Sources */,
				00A784E529B3AE27007EEA30 /* TitleCollectionViewCell.swift in Sources */,
				0079EFD629ABD82A00540BEA /* MainTabBarViewController.swift in Sources */,
				00A9FC2629AD3E950089CD2F /* CollectionViewTableViewCell.swift in Sources */,
				00ED4EB829B32D5300761657 /* APICaller.swift in Sources */,
				00DBC65929B2811D00280E14 /* HeroHeaderUIView.swift in Sources */,
				00A9FC1F29AD138D0089CD2F /* DownloadsViewController.swift in Sources */,
				00A9FC1B29AD12FE0089CD2F /* UpCommingViewController.swift in Sources */,
				00A784E129B38F48007EEA30 /* Extensions.swift in Sources */,
				0079EFD229ABD82A00540BEA /* AppDelegate.swift in Sources */,
				0079EFD429ABD82A00540BEA /* SceneDelegate.swift in Sources */,
				00A9FC1929AD12B60089CD2F /* HomeViewController.swift in Sources */,
				00ED4EBA29B33E4500761657 /* Title.swift in Sources */,
			);
			runOnlyForDeploymentPostprocessing = 0;
		};
		0079EFE029ABD82E00540BEA /* Sources */ = {
			isa = PBXSourcesBuildPhase;
			buildActionMask = 2147483647;
			files = (
				0079EFE929ABD82E00540BEA /* Netflix_CloneTests.swift in Sources */,
			);
			runOnlyForDeploymentPostprocessing = 0;
		};
		0079EFEA29ABD82E00540BEA /* Sources */ = {
			isa = PBXSourcesBuildPhase;
			buildActionMask = 2147483647;
			files = (
				0079EFF329ABD82E00540BEA /* Netflix_CloneUITests.swift in Sources */,
				0079EFF529ABD82E00540BEA /* Netflix_CloneUITestsLaunchTests.swift in Sources */,
			);
			runOnlyForDeploymentPostprocessing = 0;
		};
/* End PBXSourcesBuildPhase section */

/* Begin PBXTargetDependency section */
		0079EFE629ABD82E00540BEA /* PBXTargetDependency */ = {
			isa = PBXTargetDependency;
			target = 0079EFCD29ABD82A00540BEA /* Netflix Clone */;
			targetProxy = 0079EFE529ABD82E00540BEA /* PBXContainerItemProxy */;
		};
		0079EFF029ABD82E00540BEA /* PBXTargetDependency */ = {
			isa = PBXTargetDependency;
			target = 0079EFCD29ABD82A00540BEA /* Netflix Clone */;
			targetProxy = 0079EFEF29ABD82E00540BEA /* PBXContainerItemProxy */;
		};
/* End PBXTargetDependency section */

/* Begin PBXVariantGroup section */
		0079EFDC29ABD82D00540BEA /* LaunchScreen.storyboard */ = {
			isa = PBXVariantGroup;
			children = (
				0079EFDD29ABD82D00540BEA /* Base */,
			);
			name = LaunchScreen.storyboard;
			sourceTree = "<group>";
		};
/* End PBXVariantGroup section */

/* Begin XCBuildConfiguration section */
		0079EFF629ABD82E00540BEA /* Debug */ = {
			isa = XCBuildConfiguration;
			buildSettings = {
				ALWAYS_SEARCH_USER_PATHS = NO;
				CLANG_ANALYZER_NONNULL = YES;
				CLANG_ANALYZER_NUMBER_OBJECT_CONVERSION = YES_AGGRESSIVE;
				CLANG_CXX_LANGUAGE_STANDARD = "gnu++20";
				CLANG_ENABLE_MODULES = YES;
				CLANG_ENABLE_OBJC_ARC = YES;
				CLANG_ENABLE_OBJC_WEAK = YES;
				CLANG_WARN_BLOCK_CAPTURE_AUTORELEASING = YES;
				CLANG_WARN_BOOL_CONVERSION = YES;
				CLANG_WARN_COMMA = YES;
				CLANG_WARN_CONSTANT_CONVERSION = YES;
				CLANG_WARN_DEPRECATED_OBJC_IMPLEMENTATIONS = YES;
				CLANG_WARN_DIRECT_OBJC_ISA_USAGE = YES_ERROR;
				CLANG_WARN_DOCUMENTATION_COMMENTS = YES;
				CLANG_WARN_EMPTY_BODY = YES;
				CLANG_WARN_ENUM_CONVERSION = YES;
				CLANG_WARN_INFINITE_RECURSION = YES;
				CLANG_WARN_INT_CONVERSION = YES;
				CLANG_WARN_NON_LITERAL_NULL_CONVERSION = YES;
				CLANG_WARN_OBJC_IMPLICIT_RETAIN_SELF = YES;
				CLANG_WARN_OBJC_LITERAL_CONVERSION = YES;
				CLANG_WARN_OBJC_ROOT_CLASS = YES_ERROR;
				CLANG_WARN_QUOTED_INCLUDE_IN_FRAMEWORK_HEADER = YES;
				CLANG_WARN_RANGE_LOOP_ANALYSIS = YES;
				CLANG_WARN_STRICT_PROTOTYPES = YES;
				CLANG_WARN_SUSPICIOUS_MOVE = YES;
				CLANG_WARN_UNGUARDED_AVAILABILITY = YES_AGGRESSIVE;
				CLANG_WARN_UNREACHABLE_CODE = YES;
				CLANG_WARN__DUPLICATE_METHOD_MATCH = YES;
				COPY_PHASE_STRIP = NO;
				DEBUG_INFORMATION_FORMAT = dwarf;
				ENABLE_STRICT_OBJC_MSGSEND = YES;
				ENABLE_TESTABILITY = YES;
				GCC_C_LANGUAGE_STANDARD = gnu11;
				GCC_DYNAMIC_NO_PIC = NO;
				GCC_NO_COMMON_BLOCKS = YES;
				GCC_OPTIMIZATION_LEVEL = 0;
				GCC_PREPROCESSOR_DEFINITIONS = (
					"DEBUG=1",
					"$(inherited)",
				);
				GCC_WARN_64_TO_32_BIT_CONVERSION = YES;
				GCC_WARN_ABOUT_RETURN_TYPE = YES_ERROR;
				GCC_WARN_UNDECLARED_SELECTOR = YES;
				GCC_WARN_UNINITIALIZED_AUTOS = YES_AGGRESSIVE;
				GCC_WARN_UNUSED_FUNCTION = YES;
				GCC_WARN_UNUSED_VARIABLE = YES;
				IPHONEOS_DEPLOYMENT_TARGET = 16.1;
				MTL_ENABLE_DEBUG_INFO = INCLUDE_SOURCE;
				MTL_FAST_MATH = YES;
				ONLY_ACTIVE_ARCH = YES;
				SDKROOT = iphoneos;
				SWIFT_ACTIVE_COMPILATION_CONDITIONS = DEBUG;
				SWIFT_OPTIMIZATION_LEVEL = "-Onone";
			};
			name = Debug;
		};
		0079EFF729ABD82E00540BEA /* Release */ = {
			isa = XCBuildConfiguration;
			buildSettings = {
				ALWAYS_SEARCH_USER_PATHS = NO;
				CLANG_ANALYZER_NONNULL = YES;
				CLANG_ANALYZER_NUMBER_OBJECT_CONVERSION = YES_AGGRESSIVE;
				CLANG_CXX_LANGUAGE_STANDARD = "gnu++20";
				CLANG_ENABLE_MODULES = YES;
				CLANG_ENABLE_OBJC_ARC = YES;
				CLANG_ENABLE_OBJC_WEAK = YES;
				CLANG_WARN_BLOCK_CAPTURE_AUTORELEASING = YES;
				CLANG_WARN_BOOL_CONVERSION = YES;
				CLANG_WARN_COMMA = YES;
				CLANG_WARN_CONSTANT_CONVERSION = YES;
				CLANG_WARN_DEPRECATED_OBJC_IMPLEMENTATIONS = YES;
				CLANG_WARN_DIRECT_OBJC_ISA_USAGE = YES_ERROR;
				CLANG_WARN_DOCUMENTATION_COMMENTS = YES;
				CLANG_WARN_EMPTY_BODY = YES;
				CLANG_WARN_ENUM_CONVERSION = YES;
				CLANG_WARN_INFINITE_RECURSION = YES;
				CLANG_WARN_INT_CONVERSION = YES;
				CLANG_WARN_NON_LITERAL_NULL_CONVERSION = YES;
				CLANG_WARN_OBJC_IMPLICIT_RETAIN_SELF = YES;
				CLANG_WARN_OBJC_LITERAL_CONVERSION = YES;
				CLANG_WARN_OBJC_ROOT_CLASS = YES_ERROR;
				CLANG_WARN_QUOTED_INCLUDE_IN_FRAMEWORK_HEADER = YES;
				CLANG_WARN_RANGE_LOOP_ANALYSIS = YES;
				CLANG_WARN_STRICT_PROTOTYPES = YES;
				CLANG_WARN_SUSPICIOUS_MOVE = YES;
				CLANG_WARN_UNGUARDED_AVAILABILITY = YES_AGGRESSIVE;
				CLANG_WARN_UNREACHABLE_CODE = YES;
				CLANG_WARN__DUPLICATE_METHOD_MATCH = YES;
				COPY_PHASE_STRIP = NO;
				DEBUG_INFORMATION_FORMAT = "dwarf-with-dsym";
				ENABLE_NS_ASSERTIONS = NO;
				ENABLE_STRICT_OBJC_MSGSEND = YES;
				GCC_C_LANGUAGE_STANDARD = gnu11;
				GCC_NO_COMMON_BLOCKS = YES;
				GCC_WARN_64_TO_32_BIT_CONVERSION = YES;
				GCC_WARN_ABOUT_RETURN_TYPE = YES_ERROR;
				GCC_WARN_UNDECLARED_SELECTOR = YES;
				GCC_WARN_UNINITIALIZED_AUTOS = YES_AGGRESSIVE;
				GCC_WARN_UNUSED_FUNCTION = YES;
				GCC_WARN_UNUSED_VARIABLE = YES;
				IPHONEOS_DEPLOYMENT_TARGET = 16.1;
				MTL_ENABLE_DEBUG_INFO = NO;
				MTL_FAST_MATH = YES;
				SDKROOT = iphoneos;
				SWIFT_COMPILATION_MODE = wholemodule;
				SWIFT_OPTIMIZATION_LEVEL = "-O";
				VALIDATE_PRODUCT = YES;
			};
			name = Release;
		};
		0079EFF929ABD82E00540BEA /* Debug */ = {
			isa = XCBuildConfiguration;
			buildSettings = {
				ASSETCATALOG_COMPILER_APPICON_NAME = AppIcon;
				ASSETCATALOG_COMPILER_GLOBAL_ACCENT_COLOR_NAME = AccentColor;
				CODE_SIGN_STYLE = Automatic;
				CURRENT_PROJECT_VERSION = 1;
				DEVELOPMENT_TEAM = R4V6A2N7B7;
				GENERATE_INFOPLIST_FILE = YES;
				INFOPLIST_FILE = "Netflix Clone/Info.plist";
				INFOPLIST_KEY_UIApplicationSupportsIndirectInputEvents = YES;
				INFOPLIST_KEY_UILaunchStoryboardName = LaunchScreen;
				INFOPLIST_KEY_UISupportedInterfaceOrientations_iPad = "UIInterfaceOrientationPortrait UIInterfaceOrientationPortraitUpsideDown UIInterfaceOrientationLandscapeLeft UIInterfaceOrientationLandscapeRight";
				INFOPLIST_KEY_UISupportedInterfaceOrientations_iPhone = "UIInterfaceOrientationPortrait UIInterfaceOrientationLandscapeLeft UIInterfaceOrientationLandscapeRight";
				LD_RUNPATH_SEARCH_PATHS = (
					"$(inherited)",
					"@executable_path/Frameworks",
				);
				MARKETING_VERSION = 1.0;
				PRODUCT_BUNDLE_IDENTIFIER = "self.Netflix-Clone";
				PRODUCT_NAME = "$(TARGET_NAME)";
				SWIFT_EMIT_LOC_STRINGS = YES;
				SWIFT_VERSION = 5.0;
				TARGETED_DEVICE_FAMILY = "1,2";
			};
			name = Debug;
		};
		0079EFFA29ABD82E00540BEA /* Release */ = {
			isa = XCBuildConfiguration;
			buildSettings = {
				ASSETCATALOG_COMPILER_APPICON_NAME = AppIcon;
				ASSETCATALOG_COMPILER_GLOBAL_ACCENT_COLOR_NAME = AccentColor;
				CODE_SIGN_STYLE = Automatic;
				CURRENT_PROJECT_VERSION = 1;
				DEVELOPMENT_TEAM = R4V6A2N7B7;
				GENERATE_INFOPLIST_FILE = YES;
				INFOPLIST_FILE = "Netflix Clone/Info.plist";
				INFOPLIST_KEY_UIApplicationSupportsIndirectInputEvents = YES;
				INFOPLIST_KEY_UILaunchStoryboardName = LaunchScreen;
				INFOPLIST_KEY_UISupportedInterfaceOrientations_iPad = "UIInterfaceOrientationPortrait UIInterfaceOrientationPortraitUpsideDown UIInterfaceOrientationLandscapeLeft UIInterfaceOrientationLandscapeRight";
				INFOPLIST_KEY_UISupportedInterfaceOrientations_iPhone = "UIInterfaceOrientationPortrait UIInterfaceOrientationLandscapeLeft UIInterfaceOrientationLandscapeRight";
				LD_RUNPATH_SEARCH_PATHS = (
					"$(inherited)",
					"@executable_path/Frameworks",
				);
				MARKETING_VERSION = 1.0;
				PRODUCT_BUNDLE_IDENTIFIER = "self.Netflix-Clone";
				PRODUCT_NAME = "$(TARGET_NAME)";
				SWIFT_EMIT_LOC_STRINGS = YES;
				SWIFT_VERSION = 5.0;
				TARGETED_DEVICE_FAMILY = "1,2";
			};
			name = Release;
		};
		0079EFFC29ABD82E00540BEA /* Debug */ = {
			isa = XCBuildConfiguration;
			buildSettings = {
				ALWAYS_EMBED_SWIFT_STANDARD_LIBRARIES = YES;
				BUNDLE_LOADER = "$(TEST_HOST)";
				CODE_SIGN_STYLE = Automatic;
				CURRENT_PROJECT_VERSION = 1;
				DEVELOPMENT_TEAM = R4V6A2N7B7;
				GENERATE_INFOPLIST_FILE = YES;
				IPHONEOS_DEPLOYMENT_TARGET = 16.1;
				MARKETING_VERSION = 1.0;
				PRODUCT_BUNDLE_IDENTIFIER = "self.Netflix-CloneTests";
				PRODUCT_NAME = "$(TARGET_NAME)";
				SWIFT_EMIT_LOC_STRINGS = NO;
				SWIFT_VERSION = 5.0;
				TARGETED_DEVICE_FAMILY = "1,2";
				TEST_HOST = "$(BUILT_PRODUCTS_DIR)/Netflix Clone.app/$(BUNDLE_EXECUTABLE_FOLDER_PATH)/Netflix Clone";
			};
			name = Debug;
		};
		0079EFFD29ABD82E00540BEA /* Release */ = {
			isa = XCBuildConfiguration;
			buildSettings = {
				ALWAYS_EMBED_SWIFT_STANDARD_LIBRARIES = YES;
				BUNDLE_LOADER = "$(TEST_HOST)";
				CODE_SIGN_STYLE = Automatic;
				CURRENT_PROJECT_VERSION = 1;
				DEVELOPMENT_TEAM = R4V6A2N7B7;
				GENERATE_INFOPLIST_FILE = YES;
				IPHONEOS_DEPLOYMENT_TARGET = 16.1;
				MARKETING_VERSION = 1.0;
				PRODUCT_BUNDLE_IDENTIFIER = "self.Netflix-CloneTests";
				PRODUCT_NAME = "$(TARGET_NAME)";
				SWIFT_EMIT_LOC_STRINGS = NO;
				SWIFT_VERSION = 5.0;
				TARGETED_DEVICE_FAMILY = "1,2";
				TEST_HOST = "$(BUILT_PRODUCTS_DIR)/Netflix Clone.app/$(BUNDLE_EXECUTABLE_FOLDER_PATH)/Netflix Clone";
			};
			name = Release;
		};
		0079EFFF29ABD82E00540BEA /* Debug */ = {
			isa = XCBuildConfiguration;
			buildSettings = {
				ALWAYS_EMBED_SWIFT_STANDARD_LIBRARIES = YES;
				CODE_SIGN_STYLE = Automatic;
				CURRENT_PROJECT_VERSION = 1;
				DEVELOPMENT_TEAM = R4V6A2N7B7;
				GENERATE_INFOPLIST_FILE = YES;
				MARKETING_VERSION = 1.0;
				PRODUCT_BUNDLE_IDENTIFIER = "self.Netflix-CloneUITests";
				PRODUCT_NAME = "$(TARGET_NAME)";
				SWIFT_EMIT_LOC_STRINGS = NO;
				SWIFT_VERSION = 5.0;
				TARGETED_DEVICE_FAMILY = "1,2";
				TEST_TARGET_NAME = "Netflix Clone";
			};
			name = Debug;
		};
		0079F00029ABD82E00540BEA /* Release */ = {
			isa = XCBuildConfiguration;
			buildSettings = {
				ALWAYS_EMBED_SWIFT_STANDARD_LIBRARIES = YES;
				CODE_SIGN_STYLE = Automatic;
				CURRENT_PROJECT_VERSION = 1;
				DEVELOPMENT_TEAM = R4V6A2N7B7;
				GENERATE_INFOPLIST_FILE = YES;
				MARKETING_VERSION = 1.0;
				PRODUCT_BUNDLE_IDENTIFIER = "self.Netflix-CloneUITests";
				PRODUCT_NAME = "$(TARGET_NAME)";
				SWIFT_EMIT_LOC_STRINGS = NO;
				SWIFT_VERSION = 5.0;
				TARGETED_DEVICE_FAMILY = "1,2";
				TEST_TARGET_NAME = "Netflix Clone";
			};
			name = Release;
		};
/* End XCBuildConfiguration section */

/* Begin XCConfigurationList section */
		0079EFC929ABD82A00540BEA /* Build configuration list for PBXProject "Netflix Clone" */ = {
			isa = XCConfigurationList;
			buildConfigurations = (
				0079EFF629ABD82E00540BEA /* Debug */,
				0079EFF729ABD82E00540BEA /* Release */,
			);
			defaultConfigurationIsVisible = 0;
			defaultConfigurationName = Release;
		};
		0079EFF829ABD82E00540BEA /* Build configuration list for PBXNativeTarget "Netflix Clone" */ = {
			isa = XCConfigurationList;
			buildConfigurations = (
				0079EFF929ABD82E00540BEA /* Debug */,
				0079EFFA29ABD82E00540BEA /* Release */,
			);
			defaultConfigurationIsVisible = 0;
			defaultConfigurationName = Release;
		};
		0079EFFB29ABD82E00540BEA /* Build configuration list for PBXNativeTarget "Netflix CloneTests" */ = {
			isa = XCConfigurationList;
			buildConfigurations = (
				0079EFFC29ABD82E00540BEA /* Debug */,
				0079EFFD29ABD82E00540BEA /* Release */,
			);
			defaultConfigurationIsVisible = 0;
			defaultConfigurationName = Release;
		};
		0079EFFE29ABD82E00540BEA /* Build configuration list for PBXNativeTarget "Netflix CloneUITests" */ = {
			isa = XCConfigurationList;
			buildConfigurations = (
				0079EFFF29ABD82E00540BEA /* Debug */,
				0079F00029ABD82E00540BEA /* Release */,
			);
			defaultConfigurationIsVisible = 0;
			defaultConfigurationName = Release;
		};
/* End XCConfigurationList section */

/* Begin XCRemoteSwiftPackageReference section */
		00A784E629B3B3A4007EEA30 /* XCRemoteSwiftPackageReference "SDWebImage" */ = {
			isa = XCRemoteSwiftPackageReference;
			repositoryURL = "https://github.com/SDWebImage/SDWebImage.git";
			requirement = {
				kind = upToNextMajorVersion;
				minimumVersion = 5.0.0;
			};
		};
/* End XCRemoteSwiftPackageReference section */

/* Begin XCSwiftPackageProductDependency section */
		00A784E729B3B3A4007EEA30 /* SDWebImage */ = {
			isa = XCSwiftPackageProductDependency;
			package = 00A784E629B3B3A4007EEA30 /* XCRemoteSwiftPackageReference "SDWebImage" */;
			productName = SDWebImage;
		};
		00A784E929B3B3A4007EEA30 /* SDWebImageMapKit */ = {
			isa = XCSwiftPackageProductDependency;
			package = 00A784E629B3B3A4007EEA30 /* XCRemoteSwiftPackageReference "SDWebImage" */;
			productName = SDWebImageMapKit;
		};
/* End XCSwiftPackageProductDependency section */
	};
	rootObject = 0079EFC629ABD82A00540BEA /* Project object */;
}
